
Microsoft Visual Studio Solution File, Format Version 12.00
# Visual Studio 15
VisualStudioVersion = 15.0.26403.7
MinimumVisualStudioVersion = 10.0.40219.1
Project("{FAE04EC0-301F-11D3-BF4B-00C04F79EFBC}") = "RestEmailSender", "RestEmailSender\RestEmailSender.csproj", "{827589DC-B877-423D-B257-320C253FF222}"
EndProject
Project("{FAE04EC0-301F-11D3-BF4B-00C04F79EFBC}") = "SpeechRecognition", "SpeechReconginition\SpeechRecognition.csproj", "{7B0EAC03-EF51-48EA-80FE-199EBBBA27C9}"
EndProject
Project("{FAE04EC0-301F-11D3-BF4B-00C04F79EFBC}") = "RestCallerLogic", "RestCallerLogic\RestCallerLogic.csproj", "{2D3F5A67-EF13-452A-A3E8-EEBF77EB063D}"
EndProject
Global
	GlobalSection(SolutionConfigurationPlatforms) = preSolution
		Debug|Any CPU = Debug|Any CPU
		Release|Any CPU = Release|Any CPU
	EndGlobalSection
	GlobalSection(ProjectConfigurationPlatforms) = postSolution
		{827589DC-B877-423D-B257-320C253FF222}.Debug|Any CPU.ActiveCfg = Debug|Any CPU
		{827589DC-B877-423D-B257-320C253FF222}.Debug|Any CPU.Build.0 = Debug|Any CPU
		{827589DC-B877-423D-B257-320C253FF222}.Release|Any CPU.ActiveCfg = Release|Any CPU
		{827589DC-B877-423D-B257-320C253FF222}.Release|Any CPU.Build.0 = Release|Any CPU
		{7B0EAC03-EF51-48EA-80FE-199EBBBA27C9}.Debug|Any CPU.ActiveCfg = Debug|Any CPU
		{7B0EAC03-EF51-48EA-80FE-199EBBBA27C9}.Debug|Any CPU.Build.0 = Debug|Any CPU
		{7B0EAC03-EF51-48EA-80FE-199EBBBA27C9}.Release|Any CPU.ActiveCfg = Release|Any CPU
		{7B0EAC03-EF51-48EA-80FE-199EBBBA27C9}.Release|Any CPU.Build.0 = Release|Any CPU
		{2D3F5A67-EF13-452A-A3E8-EEBF77EB063D}.Debug|Any CPU.ActiveCfg = Debug|Any CPU
		{2D3F5A67-EF13-452A-A3E8-EEBF77EB063D}.Debug|Any CPU.Build.0 = Debug|Any CPU
		{2D3F5A67-EF13-452A-A3E8-EEBF77EB063D}.Release|Any CPU.ActiveCfg = Release|Any CPU
		{2D3F5A67-EF13-452A-A3E8-EEBF77EB063D}.Release|Any CPU.Build.0 = Release|Any CPU
	EndGlobalSection
	GlobalSection(SolutionProperties) = preSolution
		HideSolutionNode = FALSE
	EndGlobalSection
EndGlobal
